
Microsoft Visual Studio Solution File, Format Version 12.00
# Visual Studio Version 16
VisualStudioVersion = 16.0.30104.148
MinimumVisualStudioVersion = 10.0.40219.1
Project("{FAE04EC0-301F-11D3-BF4B-00C04F79EFBC}") = "DiceRoller", "DiceRoller\DiceRoller.csproj", "{FA5122BA-BFA3-4EFA-B3F4-59C655B78AA3}"
EndProject
Global
	GlobalSection(SolutionConfigurationPlatforms) = preSolution
		Debug|Any CPU = Debug|Any CPU
		Release|Any CPU = Release|Any CPU
	EndGlobalSection
	GlobalSection(ProjectConfigurationPlatforms) = postSolution
		{FA5122BA-BFA3-4EFA-B3F4-59C655B78AA3}.Debug|Any CPU.ActiveCfg = Debug|Any CPU
		{FA5122BA-BFA3-4EFA-B3F4-59C655B78AA3}.Debug|Any CPU.Build.0 = Debug|Any CPU
		{FA5122BA-BFA3-4EFA-B3F4-59C655B78AA3}.Release|Any CPU.ActiveCfg = Release|Any CPU
		{FA5122BA-BFA3-4EFA-B3F4-59C655B78AA3}.Release|Any CPU.Build.0 = Release|Any CPU
	EndGlobalSection
	GlobalSection(SolutionProperties) = preSolution
		HideSolutionNode = FALSE
	EndGlobalSection
	GlobalSection(ExtensibilityGlobals) = postSolution
		SolutionGuid = {7967C73C-C766-42A3-BB2E-25BD19259560}
	EndGlobalSection
EndGlobal
